
Microsoft Visual Studio Solution File, Format Version 12.00
# Visual Studio 15
VisualStudioVersion = 15.0.27703.2035
MinimumVisualStudioVersion = 10.0.40219.1
Project("{2150E333-8FDC-42A3-9474-1A3956D46DE8}") = "Solution Items", "Solution Items", "{BBF79612-FC72-404C-819A-52D4A796910D}"
	ProjectSection(SolutionItems) = preProject
		.gitignore = .gitignore
		README.md = README.md
	EndProjectSection
EndProject
Project("{9A19103F-16F7-4668-BE54-9A1E7A4F7556}") = "Smartiks.Framework.Text.Abstractions", "src\Smartiks.Framework.Text.Abstractions\Smartiks.Framework.Text.Abstractions.csproj", "{2CC614FB-8984-43E9-B86C-9438AB3FC749}"
EndProject
Project("{9A19103F-16F7-4668-BE54-9A1E7A4F7556}") = "Smartiks.Framework.Text", "src\Smartiks.Framework.Text\Smartiks.Framework.Text.csproj", "{2C393262-0F4E-48A3-ABE3-FEC951E645A0}"
EndProject
Project("{9A19103F-16F7-4668-BE54-9A1E7A4F7556}") = "Smartiks.Framework.Net.Email.Abstractions", "src\Smartiks.Framework.Net.Email.Abstractions\Smartiks.Framework.Net.Email.Abstractions.csproj", "{7DDF9542-01E0-4F98-91D6-B416365C40C2}"
EndProject
Project("{9A19103F-16F7-4668-BE54-9A1E7A4F7556}") = "Smartiks.Framework.Net.Email", "src\Smartiks.Framework.Net.Email\Smartiks.Framework.Net.Email.csproj", "{90580896-537C-4A0A-8968-245CCF3BEAD9}"
EndProject
Project("{9A19103F-16F7-4668-BE54-9A1E7A4F7556}") = "Smartiks.Framework.IO.Excel.Abstractions", "src\Smartiks.Framework.IO.Excel.Abstractions\Smartiks.Framework.IO.Excel.Abstractions.csproj", "{5B785252-B871-442E-BEF1-DBEF9093430B}"
EndProject
Project("{9A19103F-16F7-4668-BE54-9A1E7A4F7556}") = "Smartiks.Framework.IO.Excel.Extensions", "src\Smartiks.Framework.IO.Excel.Extensions\Smartiks.Framework.IO.Excel.Extensions.csproj", "{93D7522F-705B-4527-9D6E-1E18F788C0B9}"
EndProject
Project("{9A19103F-16F7-4668-BE54-9A1E7A4F7556}") = "Smartiks.Framework.IO.Excel", "src\Smartiks.Framework.IO.Excel\Smartiks.Framework.IO.Excel.csproj", "{D5AEF358-1433-4C40-AB5F-63B78552E841}"
EndProject
Project("{9A19103F-16F7-4668-BE54-9A1E7A4F7556}") = "Smartiks.Framework.Caching.Extensions", "src\Smartiks.Framework.Caching.Extensions\Smartiks.Framework.Caching.Extensions.csproj", "{BFCD4B10-6A2E-47D9-8A1A-03812FF2B5A7}"
EndProject
Project("{9A19103F-16F7-4668-BE54-9A1E7A4F7556}") = "Smartiks.Framework.Identity.Data.Abstractions", "src\Smartiks.Framework.Identity.Data.Abstractions\Smartiks.Framework.Identity.Data.Abstractions.csproj", "{0F817BE8-D055-4C8C-A296-ABEEBD6D797A}"
EndProject
Project("{9A19103F-16F7-4668-BE54-9A1E7A4F7556}") = "Smartiks.Framework.Identity.Data", "src\Smartiks.Framework.Identity.Data\Smartiks.Framework.Identity.Data.csproj", "{7BFAA08A-4C1D-4281-844A-25208077C499}"
EndProject
Project("{2150E333-8FDC-42A3-9474-1A3956D46DE8}") = "Examples", "Examples", "{ABD2AC4C-B72D-46E1-83EF-591C9FDE12D9}"
EndProject
Project("{9A19103F-16F7-4668-BE54-9A1E7A4F7556}") = "Smartiks.Framework.Hosting.Abstractions", "src\Smartiks.Framework.Hosting.Abstractions\Smartiks.Framework.Hosting.Abstractions.csproj", "{F8EA6E27-1AE6-4EA6-9B3B-8EE445FB5593}"
EndProject
Project("{9A19103F-16F7-4668-BE54-9A1E7A4F7556}") = "Smartiks.Framework.Hosting.Web.Abstractions", "src\Smartiks.Framework.Hosting.Web.Abstractions\Smartiks.Framework.Hosting.Web.Abstractions.csproj", "{24AACD76-A6B8-4440-8AB0-98576D4440FC}"
EndProject
Project("{9A19103F-16F7-4668-BE54-9A1E7A4F7556}") = "Smartiks.Framework.Hosting.Web", "src\Smartiks.Framework.Hosting.Web\Smartiks.Framework.Hosting.Web.csproj", "{9C4A800C-EAB3-4CE5-85CC-3131C0DB1C7E}"
EndProject
Global
	GlobalSection(SolutionConfigurationPlatforms) = preSolution
		Debug|Any CPU = Debug|Any CPU
		Release|Any CPU = Release|Any CPU
	EndGlobalSection
	GlobalSection(ProjectConfigurationPlatforms) = postSolution
		{2CC614FB-8984-43E9-B86C-9438AB3FC749}.Debug|Any CPU.ActiveCfg = Debug|Any CPU
		{2CC614FB-8984-43E9-B86C-9438AB3FC749}.Debug|Any CPU.Build.0 = Debug|Any CPU
		{2CC614FB-8984-43E9-B86C-9438AB3FC749}.Release|Any CPU.ActiveCfg = Release|Any CPU
		{2CC614FB-8984-43E9-B86C-9438AB3FC749}.Release|Any CPU.Build.0 = Release|Any CPU
		{2C393262-0F4E-48A3-ABE3-FEC951E645A0}.Debug|Any CPU.ActiveCfg = Debug|Any CPU
		{2C393262-0F4E-48A3-ABE3-FEC951E645A0}.Debug|Any CPU.Build.0 = Debug|Any CPU
		{2C393262-0F4E-48A3-ABE3-FEC951E645A0}.Release|Any CPU.ActiveCfg = Release|Any CPU
		{2C393262-0F4E-48A3-ABE3-FEC951E645A0}.Release|Any CPU.Build.0 = Release|Any CPU
		{7DDF9542-01E0-4F98-91D6-B416365C40C2}.Debug|Any CPU.ActiveCfg = Debug|Any CPU
		{7DDF9542-01E0-4F98-91D6-B416365C40C2}.Debug|Any CPU.Build.0 = Debug|Any CPU
		{7DDF9542-01E0-4F98-91D6-B416365C40C2}.Release|Any CPU.ActiveCfg = Release|Any CPU
		{7DDF9542-01E0-4F98-91D6-B416365C40C2}.Release|Any CPU.Build.0 = Release|Any CPU
		{90580896-537C-4A0A-8968-245CCF3BEAD9}.Debug|Any CPU.ActiveCfg = Debug|Any CPU
		{90580896-537C-4A0A-8968-245CCF3BEAD9}.Debug|Any CPU.Build.0 = Debug|Any CPU
		{90580896-537C-4A0A-8968-245CCF3BEAD9}.Release|Any CPU.ActiveCfg = Release|Any CPU
		{90580896-537C-4A0A-8968-245CCF3BEAD9}.Release|Any CPU.Build.0 = Release|Any CPU
		{5B785252-B871-442E-BEF1-DBEF9093430B}.Debug|Any CPU.ActiveCfg = Debug|Any CPU
		{5B785252-B871-442E-BEF1-DBEF9093430B}.Debug|Any CPU.Build.0 = Debug|Any CPU
		{5B785252-B871-442E-BEF1-DBEF9093430B}.Release|Any CPU.ActiveCfg = Release|Any CPU
		{5B785252-B871-442E-BEF1-DBEF9093430B}.Release|Any CPU.Build.0 = Release|Any CPU
		{93D7522F-705B-4527-9D6E-1E18F788C0B9}.Debug|Any CPU.ActiveCfg = Debug|Any CPU
		{93D7522F-705B-4527-9D6E-1E18F788C0B9}.Debug|Any CPU.Build.0 = Debug|Any CPU
		{93D7522F-705B-4527-9D6E-1E18F788C0B9}.Release|Any CPU.ActiveCfg = Release|Any CPU
		{93D7522F-705B-4527-9D6E-1E18F788C0B9}.Release|Any CPU.Build.0 = Release|Any CPU
		{D5AEF358-1433-4C40-AB5F-63B78552E841}.Debug|Any CPU.ActiveCfg = Debug|Any CPU
		{D5AEF358-1433-4C40-AB5F-63B78552E841}.Debug|Any CPU.Build.0 = Debug|Any CPU
		{D5AEF358-1433-4C40-AB5F-63B78552E841}.Release|Any CPU.ActiveCfg = Release|Any CPU
		{D5AEF358-1433-4C40-AB5F-63B78552E841}.Release|Any CPU.Build.0 = Release|Any CPU
		{BFCD4B10-6A2E-47D9-8A1A-03812FF2B5A7}.Debug|Any CPU.ActiveCfg = Debug|Any CPU
		{BFCD4B10-6A2E-47D9-8A1A-03812FF2B5A7}.Debug|Any CPU.Build.0 = Debug|Any CPU
		{BFCD4B10-6A2E-47D9-8A1A-03812FF2B5A7}.Release|Any CPU.ActiveCfg = Release|Any CPU
		{BFCD4B10-6A2E-47D9-8A1A-03812FF2B5A7}.Release|Any CPU.Build.0 = Release|Any CPU
		{0F817BE8-D055-4C8C-A296-ABEEBD6D797A}.Debug|Any CPU.ActiveCfg = Debug|Any CPU
		{0F817BE8-D055-4C8C-A296-ABEEBD6D797A}.Debug|Any CPU.Build.0 = Debug|Any CPU
		{0F817BE8-D055-4C8C-A296-ABEEBD6D797A}.Release|Any CPU.ActiveCfg = Release|Any CPU
		{0F817BE8-D055-4C8C-A296-ABEEBD6D797A}.Release|Any CPU.Build.0 = Release|Any CPU
		{7BFAA08A-4C1D-4281-844A-25208077C499}.Debug|Any CPU.ActiveCfg = Debug|Any CPU
		{7BFAA08A-4C1D-4281-844A-25208077C499}.Debug|Any CPU.Build.0 = Debug|Any CPU
		{7BFAA08A-4C1D-4281-844A-25208077C499}.Release|Any CPU.ActiveCfg = Release|Any CPU
		{7BFAA08A-4C1D-4281-844A-25208077C499}.Release|Any CPU.Build.0 = Release|Any CPU
		{F8EA6E27-1AE6-4EA6-9B3B-8EE445FB5593}.Debug|Any CPU.ActiveCfg = Debug|Any CPU
		{F8EA6E27-1AE6-4EA6-9B3B-8EE445FB5593}.Debug|Any CPU.Build.0 = Debug|Any CPU
		{F8EA6E27-1AE6-4EA6-9B3B-8EE445FB5593}.Release|Any CPU.ActiveCfg = Release|Any CPU
		{F8EA6E27-1AE6-4EA6-9B3B-8EE445FB5593}.Release|Any CPU.Build.0 = Release|Any CPU
		{24AACD76-A6B8-4440-8AB0-98576D4440FC}.Debug|Any CPU.ActiveCfg = Debug|Any CPU
		{24AACD76-A6B8-4440-8AB0-98576D4440FC}.Debug|Any CPU.Build.0 = Debug|Any CPU
		{24AACD76-A6B8-4440-8AB0-98576D4440FC}.Release|Any CPU.ActiveCfg = Release|Any CPU
		{24AACD76-A6B8-4440-8AB0-98576D4440FC}.Release|Any CPU.Build.0 = Release|Any CPU
		{9C4A800C-EAB3-4CE5-85CC-3131C0DB1C7E}.Debug|Any CPU.ActiveCfg = Debug|Any CPU
		{9C4A800C-EAB3-4CE5-85CC-3131C0DB1C7E}.Debug|Any CPU.Build.0 = Debug|Any CPU
		{9C4A800C-EAB3-4CE5-85CC-3131C0DB1C7E}.Release|Any CPU.ActiveCfg = Release|Any CPU
		{9C4A800C-EAB3-4CE5-85CC-3131C0DB1C7E}.Release|Any CPU.Build.0 = Release|Any CPU
	EndGlobalSection
	GlobalSection(SolutionProperties) = preSolution
		HideSolutionNode = FALSE
	EndGlobalSection
	GlobalSection(ExtensibilityGlobals) = postSolution
		SolutionGuid = {94818F70-5197-4556-8FC6-34FAB098E74B}
	EndGlobalSection
EndGlobal
