
Microsoft Visual Studio Solution File, Format Version 12.00
# Visual Studio Version 16
VisualStudioVersion = 16.0.29009.5
MinimumVisualStudioVersion = 10.0.40219.1
Project("{2150E333-8FDC-42A3-9474-1A3956D46DE8}") = "Solution Items", "Solution Items", "{BBF79612-FC72-404C-819A-52D4A796910D}"
	ProjectSection(SolutionItems) = preProject
		.gitignore = .gitignore
		README.md = README.md
	EndProjectSection
EndProject
Project("{9A19103F-16F7-4668-BE54-9A1E7A4F7556}") = "Smartiks.Framework.Text.Abstractions", "src\Smartiks.Framework.Text.Abstractions\Smartiks.Framework.Text.Abstractions.csproj", "{2CC614FB-8984-43E9-B86C-9438AB3FC749}"
EndProject
Project("{9A19103F-16F7-4668-BE54-9A1E7A4F7556}") = "Smartiks.Framework.Text", "src\Smartiks.Framework.Text\Smartiks.Framework.Text.csproj", "{2C393262-0F4E-48A3-ABE3-FEC951E645A0}"
EndProject
Project("{9A19103F-16F7-4668-BE54-9A1E7A4F7556}") = "Smartiks.Framework.Net.Email.Abstractions", "src\Smartiks.Framework.Net.Email.Abstractions\Smartiks.Framework.Net.Email.Abstractions.csproj", "{7DDF9542-01E0-4F98-91D6-B416365C40C2}"
EndProject
Project("{9A19103F-16F7-4668-BE54-9A1E7A4F7556}") = "Smartiks.Framework.Net.Email", "src\Smartiks.Framework.Net.Email\Smartiks.Framework.Net.Email.csproj", "{90580896-537C-4A0A-8968-245CCF3BEAD9}"
EndProject
Project("{9A19103F-16F7-4668-BE54-9A1E7A4F7556}") = "Smartiks.Framework.IO.Excel.Abstractions", "src\Smartiks.Framework.IO.Excel.Abstractions\Smartiks.Framework.IO.Excel.Abstractions.csproj", "{5B785252-B871-442E-BEF1-DBEF9093430B}"
EndProject
Project("{9A19103F-16F7-4668-BE54-9A1E7A4F7556}") = "Smartiks.Framework.IO.Excel.Extensions", "src\Smartiks.Framework.IO.Excel.Extensions\Smartiks.Framework.IO.Excel.Extensions.csproj", "{93D7522F-705B-4527-9D6E-1E18F788C0B9}"
EndProject
Project("{9A19103F-16F7-4668-BE54-9A1E7A4F7556}") = "Smartiks.Framework.IO.Excel", "src\Smartiks.Framework.IO.Excel\Smartiks.Framework.IO.Excel.csproj", "{D5AEF358-1433-4C40-AB5F-63B78552E841}"
EndProject
Project("{9A19103F-16F7-4668-BE54-9A1E7A4F7556}") = "Smartiks.Framework.Caching.Extensions", "src\Smartiks.Framework.Caching.Extensions\Smartiks.Framework.Caching.Extensions.csproj", "{BFCD4B10-6A2E-47D9-8A1A-03812FF2B5A7}"
EndProject
Project("{9A19103F-16F7-4668-BE54-9A1E7A4F7556}") = "Smartiks.Framework.Identity.Data.Abstractions", "src\Smartiks.Framework.Identity.Data.Abstractions\Smartiks.Framework.Identity.Data.Abstractions.csproj", "{0F817BE8-D055-4C8C-A296-ABEEBD6D797A}"
EndProject
Project("{9A19103F-16F7-4668-BE54-9A1E7A4F7556}") = "Smartiks.Framework.Identity.Data", "src\Smartiks.Framework.Identity.Data\Smartiks.Framework.Identity.Data.csproj", "{7BFAA08A-4C1D-4281-844A-25208077C499}"
EndProject
Project("{2150E333-8FDC-42A3-9474-1A3956D46DE8}") = "Examples", "Examples", "{ABD2AC4C-B72D-46E1-83EF-591C9FDE12D9}"
EndProject
Project("{9A19103F-16F7-4668-BE54-9A1E7A4F7556}") = "Smartiks.Framework.Hosting.Abstractions", "src\Smartiks.Framework.Hosting.Abstractions\Smartiks.Framework.Hosting.Abstractions.csproj", "{F8EA6E27-1AE6-4EA6-9B3B-8EE445FB5593}"
EndProject
Project("{9A19103F-16F7-4668-BE54-9A1E7A4F7556}") = "Smartiks.Framework.Hosting.Web.Abstractions", "src\Smartiks.Framework.Hosting.Web.Abstractions\Smartiks.Framework.Hosting.Web.Abstractions.csproj", "{24AACD76-A6B8-4440-8AB0-98576D4440FC}"
EndProject
Project("{9A19103F-16F7-4668-BE54-9A1E7A4F7556}") = "Smartiks.Framework.Hosting.Web", "src\Smartiks.Framework.Hosting.Web\Smartiks.Framework.Hosting.Web.csproj", "{9C4A800C-EAB3-4CE5-85CC-3131C0DB1C7E}"
EndProject
Project("{9A19103F-16F7-4668-BE54-9A1E7A4F7556}") = "Smartiks.Framework.Net.Abstractions", "src\Smartiks.Framework.Net.Abstractions\Smartiks.Framework.Net.Abstractions.csproj", "{11AD50A5-D88E-4AB8-A5EF-FA3814F60145}"
EndProject
Project("{9A19103F-16F7-4668-BE54-9A1E7A4F7556}") = "Smartiks.Framework.Net", "src\Smartiks.Framework.Net\Smartiks.Framework.Net.csproj", "{9804A4AA-62C5-4370-8F85-6C2B68F1B777}"
EndProject
Project("{9A19103F-16F7-4668-BE54-9A1E7A4F7556}") = "Smartiks.Framework.IO.Xml.Abstractions", "src\Smartiks.Framework.IO.Xml.Abstractions\Smartiks.Framework.IO.Xml.Abstractions.csproj", "{D2F894F0-F34E-40D7-B435-825687DBDE79}"
EndProject
Project("{9A19103F-16F7-4668-BE54-9A1E7A4F7556}") = "Smartiks.Framework.IO.Xml", "src\Smartiks.Framework.IO.Xml\Smartiks.Framework.IO.Xml.csproj", "{6BC23412-0707-404C-AFB7-DB889C3F812B}"
EndProject
Project("{9A19103F-16F7-4668-BE54-9A1E7A4F7556}") = "Smartiks.Framework.IO.Xml.Extensions", "src\Smartiks.Framework.IO.Xml.Extensions\Smartiks.Framework.IO.Xml.Extensions.csproj", "{31A1EB77-E501-443A-BA17-F70900642C5B}"
EndProject
Project("{2150E333-8FDC-42A3-9474-1A3956D46DE8}") = "Test", "Test", "{E94061EA-01E0-47AD-A3F1-ECA8B6FF3B33}"
EndProject
Project("{9A19103F-16F7-4668-BE54-9A1E7A4F7556}") = "Smartiks.Framework.IO.Xml.UnitTests", "test\Smartiks.Framework.IO.Xml.UnitTests\Smartiks.Framework.IO.Xml.UnitTests.csproj", "{C7732F47-ED16-4265-A6E2-5E4CDFCF8223}"
EndProject
Project("{9A19103F-16F7-4668-BE54-9A1E7A4F7556}") = "Smartiks.Framework.IO", "src\Smartiks.Framework.IO\Smartiks.Framework.IO.csproj", "{96358782-FDB7-4387-9198-F062FFD74178}"
EndProject
Project("{9A19103F-16F7-4668-BE54-9A1E7A4F7556}") = "Smartiks.Framework.IO.Excel.UnitTests", "test\Smartiks.Framework.IO.Excel.UnitTests\Smartiks.Framework.IO.Excel.UnitTests.csproj", "{8A0A15BE-A3B3-443D-8D33-1A36847BD25A}"
EndProject
Project("{9A19103F-16F7-4668-BE54-9A1E7A4F7556}") = "Smartiks.Framework.Identity.Server.Extensions", "src\Smartiks.Framework.Identity.Server.Extensions\Smartiks.Framework.Identity.Server.Extensions.csproj", "{66D6B6C8-58DE-489A-8A0D-66341FC502E2}"
EndProject
Project("{9A19103F-16F7-4668-BE54-9A1E7A4F7556}") = "Smartiks.Framework.Identity.Server.Abstractions", "src\Smartiks.Framework.Identity.Server.Abstractions\Smartiks.Framework.Identity.Server.Abstractions.csproj", "{2EC85483-0C7F-4D91-ABD3-B930E40476B9}"
EndProject
Project("{9A19103F-16F7-4668-BE54-9A1E7A4F7556}") = "Smartiks.Framework.Identity.Server.App", "examples\Smartiks.Framework.Identity.Server.App\Smartiks.Framework.Identity.Server.App.csproj", "{FE378962-F0BF-43EA-B769-9E9E8B4EDD28}"
EndProject
Project("{9A19103F-16F7-4668-BE54-9A1E7A4F7556}") = "Smartiks.Framework.Identity.Authentication.Web.Abstractions", "src\Smartiks.Framework.Identity.Authentication.Web.Abstractions\Smartiks.Framework.Identity.Authentication.Web.Abstractions.csproj", "{536FD0F2-1DB9-4726-92C2-87AD224B3A94}"
EndProject
Project("{9A19103F-16F7-4668-BE54-9A1E7A4F7556}") = "Smartiks.Framework.Identity.Authentication.Web.Extensions", "src\Smartiks.Framework.Identity.Authentication.Web.Extensions\Smartiks.Framework.Identity.Authentication.Web.Extensions.csproj", "{A9A21445-7704-4A5F-B3C6-A9BBD4E6ED0C}"
EndProject
Project("{9A19103F-16F7-4668-BE54-9A1E7A4F7556}") = "Smartiks.Framework.Identity.Authentication.Web.App", "examples\Smartiks.Framework.Identity.Authentication.Web.App\Smartiks.Framework.Identity.Authentication.Web.App.csproj", "{B58E4DBC-BDD8-46AE-ADA8-EE482AADF5A2}"
EndProject
Project("{9A19103F-16F7-4668-BE54-9A1E7A4F7556}") = "Smartiks.Framework.Data.Abstractions", "src\Smartiks.Framework.Data.Abstractions\Smartiks.Framework.Data.Abstractions.csproj", "{D1E82BB2-52D8-495B-9FE5-83D437B5E1F9}"
EndProject
Project("{9A19103F-16F7-4668-BE54-9A1E7A4F7556}") = "Smartiks.Framework.Data.EntityFramework", "src\Smartiks.Framework.Data.EntityFramework\Smartiks.Framework.Data.EntityFramework.csproj", "{016CE04F-432C-41E1-8DFD-A9AA7AFFEF54}"
EndProject
Project("{9A19103F-16F7-4668-BE54-9A1E7A4F7556}") = "Smartiks.Framework.Data.EntityFramework.Web", "src\Smartiks.Framework.Data.EntityFramework.Web\Smartiks.Framework.Data.EntityFramework.Web.csproj", "{B9C21D6D-FD9C-4667-BCC0-C435F03F866D}"
EndProject
Project("{9A19103F-16F7-4668-BE54-9A1E7A4F7556}") = "Smartiks.Framework.Data.Extensions", "src\Smartiks.Framework.Data.Extensions\Smartiks.Framework.Data.Extensions.csproj", "{82D000D9-6EB1-4083-909C-5C9B13519D71}"
EndProject
Project("{9A19103F-16F7-4668-BE54-9A1E7A4F7556}") = "Smartiks.Framework.Data.Web", "src\Smartiks.Framework.Data.Web\Smartiks.Framework.Data.Web.csproj", "{2112519F-2742-4986-A83D-C6FD409CDDA2}"
EndProject
Global
	GlobalSection(SolutionConfigurationPlatforms) = preSolution
		Debug|Any CPU = Debug|Any CPU
		Release|Any CPU = Release|Any CPU
	EndGlobalSection
	GlobalSection(ProjectConfigurationPlatforms) = postSolution
		{2CC614FB-8984-43E9-B86C-9438AB3FC749}.Debug|Any CPU.ActiveCfg = Debug|Any CPU
		{2CC614FB-8984-43E9-B86C-9438AB3FC749}.Debug|Any CPU.Build.0 = Debug|Any CPU
		{2CC614FB-8984-43E9-B86C-9438AB3FC749}.Release|Any CPU.ActiveCfg = Release|Any CPU
		{2CC614FB-8984-43E9-B86C-9438AB3FC749}.Release|Any CPU.Build.0 = Release|Any CPU
		{2C393262-0F4E-48A3-ABE3-FEC951E645A0}.Debug|Any CPU.ActiveCfg = Debug|Any CPU
		{2C393262-0F4E-48A3-ABE3-FEC951E645A0}.Debug|Any CPU.Build.0 = Debug|Any CPU
		{2C393262-0F4E-48A3-ABE3-FEC951E645A0}.Release|Any CPU.ActiveCfg = Release|Any CPU
		{2C393262-0F4E-48A3-ABE3-FEC951E645A0}.Release|Any CPU.Build.0 = Release|Any CPU
		{7DDF9542-01E0-4F98-91D6-B416365C40C2}.Debug|Any CPU.ActiveCfg = Debug|Any CPU
		{7DDF9542-01E0-4F98-91D6-B416365C40C2}.Debug|Any CPU.Build.0 = Debug|Any CPU
		{7DDF9542-01E0-4F98-91D6-B416365C40C2}.Release|Any CPU.ActiveCfg = Release|Any CPU
		{7DDF9542-01E0-4F98-91D6-B416365C40C2}.Release|Any CPU.Build.0 = Release|Any CPU
		{90580896-537C-4A0A-8968-245CCF3BEAD9}.Debug|Any CPU.ActiveCfg = Debug|Any CPU
		{90580896-537C-4A0A-8968-245CCF3BEAD9}.Debug|Any CPU.Build.0 = Debug|Any CPU
		{90580896-537C-4A0A-8968-245CCF3BEAD9}.Release|Any CPU.ActiveCfg = Release|Any CPU
		{90580896-537C-4A0A-8968-245CCF3BEAD9}.Release|Any CPU.Build.0 = Release|Any CPU
		{5B785252-B871-442E-BEF1-DBEF9093430B}.Debug|Any CPU.ActiveCfg = Debug|Any CPU
		{5B785252-B871-442E-BEF1-DBEF9093430B}.Debug|Any CPU.Build.0 = Debug|Any CPU
		{5B785252-B871-442E-BEF1-DBEF9093430B}.Release|Any CPU.ActiveCfg = Release|Any CPU
		{5B785252-B871-442E-BEF1-DBEF9093430B}.Release|Any CPU.Build.0 = Release|Any CPU
		{93D7522F-705B-4527-9D6E-1E18F788C0B9}.Debug|Any CPU.ActiveCfg = Debug|Any CPU
		{93D7522F-705B-4527-9D6E-1E18F788C0B9}.Debug|Any CPU.Build.0 = Debug|Any CPU
		{93D7522F-705B-4527-9D6E-1E18F788C0B9}.Release|Any CPU.ActiveCfg = Release|Any CPU
		{93D7522F-705B-4527-9D6E-1E18F788C0B9}.Release|Any CPU.Build.0 = Release|Any CPU
		{D5AEF358-1433-4C40-AB5F-63B78552E841}.Debug|Any CPU.ActiveCfg = Debug|Any CPU
		{D5AEF358-1433-4C40-AB5F-63B78552E841}.Debug|Any CPU.Build.0 = Debug|Any CPU
		{D5AEF358-1433-4C40-AB5F-63B78552E841}.Release|Any CPU.ActiveCfg = Release|Any CPU
		{D5AEF358-1433-4C40-AB5F-63B78552E841}.Release|Any CPU.Build.0 = Release|Any CPU
		{BFCD4B10-6A2E-47D9-8A1A-03812FF2B5A7}.Debug|Any CPU.ActiveCfg = Debug|Any CPU
		{BFCD4B10-6A2E-47D9-8A1A-03812FF2B5A7}.Debug|Any CPU.Build.0 = Debug|Any CPU
		{BFCD4B10-6A2E-47D9-8A1A-03812FF2B5A7}.Release|Any CPU.ActiveCfg = Release|Any CPU
		{BFCD4B10-6A2E-47D9-8A1A-03812FF2B5A7}.Release|Any CPU.Build.0 = Release|Any CPU
		{0F817BE8-D055-4C8C-A296-ABEEBD6D797A}.Debug|Any CPU.ActiveCfg = Debug|Any CPU
		{0F817BE8-D055-4C8C-A296-ABEEBD6D797A}.Debug|Any CPU.Build.0 = Debug|Any CPU
		{0F817BE8-D055-4C8C-A296-ABEEBD6D797A}.Release|Any CPU.ActiveCfg = Release|Any CPU
		{0F817BE8-D055-4C8C-A296-ABEEBD6D797A}.Release|Any CPU.Build.0 = Release|Any CPU
		{7BFAA08A-4C1D-4281-844A-25208077C499}.Debug|Any CPU.ActiveCfg = Debug|Any CPU
		{7BFAA08A-4C1D-4281-844A-25208077C499}.Debug|Any CPU.Build.0 = Debug|Any CPU
		{7BFAA08A-4C1D-4281-844A-25208077C499}.Release|Any CPU.ActiveCfg = Release|Any CPU
		{7BFAA08A-4C1D-4281-844A-25208077C499}.Release|Any CPU.Build.0 = Release|Any CPU
		{F8EA6E27-1AE6-4EA6-9B3B-8EE445FB5593}.Debug|Any CPU.ActiveCfg = Debug|Any CPU
		{F8EA6E27-1AE6-4EA6-9B3B-8EE445FB5593}.Debug|Any CPU.Build.0 = Debug|Any CPU
		{F8EA6E27-1AE6-4EA6-9B3B-8EE445FB5593}.Release|Any CPU.ActiveCfg = Release|Any CPU
		{F8EA6E27-1AE6-4EA6-9B3B-8EE445FB5593}.Release|Any CPU.Build.0 = Release|Any CPU
		{24AACD76-A6B8-4440-8AB0-98576D4440FC}.Debug|Any CPU.ActiveCfg = Debug|Any CPU
		{24AACD76-A6B8-4440-8AB0-98576D4440FC}.Debug|Any CPU.Build.0 = Debug|Any CPU
		{24AACD76-A6B8-4440-8AB0-98576D4440FC}.Release|Any CPU.ActiveCfg = Release|Any CPU
		{24AACD76-A6B8-4440-8AB0-98576D4440FC}.Release|Any CPU.Build.0 = Release|Any CPU
		{9C4A800C-EAB3-4CE5-85CC-3131C0DB1C7E}.Debug|Any CPU.ActiveCfg = Debug|Any CPU
		{9C4A800C-EAB3-4CE5-85CC-3131C0DB1C7E}.Debug|Any CPU.Build.0 = Debug|Any CPU
		{9C4A800C-EAB3-4CE5-85CC-3131C0DB1C7E}.Release|Any CPU.ActiveCfg = Release|Any CPU
		{9C4A800C-EAB3-4CE5-85CC-3131C0DB1C7E}.Release|Any CPU.Build.0 = Release|Any CPU
		{11AD50A5-D88E-4AB8-A5EF-FA3814F60145}.Debug|Any CPU.ActiveCfg = Debug|Any CPU
		{11AD50A5-D88E-4AB8-A5EF-FA3814F60145}.Debug|Any CPU.Build.0 = Debug|Any CPU
		{11AD50A5-D88E-4AB8-A5EF-FA3814F60145}.Release|Any CPU.ActiveCfg = Release|Any CPU
		{11AD50A5-D88E-4AB8-A5EF-FA3814F60145}.Release|Any CPU.Build.0 = Release|Any CPU
		{9804A4AA-62C5-4370-8F85-6C2B68F1B777}.Debug|Any CPU.ActiveCfg = Debug|Any CPU
		{9804A4AA-62C5-4370-8F85-6C2B68F1B777}.Debug|Any CPU.Build.0 = Debug|Any CPU
		{9804A4AA-62C5-4370-8F85-6C2B68F1B777}.Release|Any CPU.ActiveCfg = Release|Any CPU
		{9804A4AA-62C5-4370-8F85-6C2B68F1B777}.Release|Any CPU.Build.0 = Release|Any CPU
		{D2F894F0-F34E-40D7-B435-825687DBDE79}.Debug|Any CPU.ActiveCfg = Debug|Any CPU
		{D2F894F0-F34E-40D7-B435-825687DBDE79}.Debug|Any CPU.Build.0 = Debug|Any CPU
		{D2F894F0-F34E-40D7-B435-825687DBDE79}.Release|Any CPU.ActiveCfg = Release|Any CPU
		{D2F894F0-F34E-40D7-B435-825687DBDE79}.Release|Any CPU.Build.0 = Release|Any CPU
		{6BC23412-0707-404C-AFB7-DB889C3F812B}.Debug|Any CPU.ActiveCfg = Debug|Any CPU
		{6BC23412-0707-404C-AFB7-DB889C3F812B}.Debug|Any CPU.Build.0 = Debug|Any CPU
		{6BC23412-0707-404C-AFB7-DB889C3F812B}.Release|Any CPU.ActiveCfg = Release|Any CPU
		{6BC23412-0707-404C-AFB7-DB889C3F812B}.Release|Any CPU.Build.0 = Release|Any CPU
		{31A1EB77-E501-443A-BA17-F70900642C5B}.Debug|Any CPU.ActiveCfg = Debug|Any CPU
		{31A1EB77-E501-443A-BA17-F70900642C5B}.Debug|Any CPU.Build.0 = Debug|Any CPU
		{31A1EB77-E501-443A-BA17-F70900642C5B}.Release|Any CPU.ActiveCfg = Release|Any CPU
		{31A1EB77-E501-443A-BA17-F70900642C5B}.Release|Any CPU.Build.0 = Release|Any CPU
		{C7732F47-ED16-4265-A6E2-5E4CDFCF8223}.Debug|Any CPU.ActiveCfg = Debug|Any CPU
		{C7732F47-ED16-4265-A6E2-5E4CDFCF8223}.Debug|Any CPU.Build.0 = Debug|Any CPU
		{C7732F47-ED16-4265-A6E2-5E4CDFCF8223}.Release|Any CPU.ActiveCfg = Release|Any CPU
		{C7732F47-ED16-4265-A6E2-5E4CDFCF8223}.Release|Any CPU.Build.0 = Release|Any CPU
		{96358782-FDB7-4387-9198-F062FFD74178}.Debug|Any CPU.ActiveCfg = Debug|Any CPU
		{96358782-FDB7-4387-9198-F062FFD74178}.Debug|Any CPU.Build.0 = Debug|Any CPU
		{96358782-FDB7-4387-9198-F062FFD74178}.Release|Any CPU.ActiveCfg = Release|Any CPU
		{96358782-FDB7-4387-9198-F062FFD74178}.Release|Any CPU.Build.0 = Release|Any CPU
		{8A0A15BE-A3B3-443D-8D33-1A36847BD25A}.Debug|Any CPU.ActiveCfg = Debug|Any CPU
		{8A0A15BE-A3B3-443D-8D33-1A36847BD25A}.Debug|Any CPU.Build.0 = Debug|Any CPU
		{8A0A15BE-A3B3-443D-8D33-1A36847BD25A}.Release|Any CPU.ActiveCfg = Release|Any CPU
		{8A0A15BE-A3B3-443D-8D33-1A36847BD25A}.Release|Any CPU.Build.0 = Release|Any CPU
		{66D6B6C8-58DE-489A-8A0D-66341FC502E2}.Debug|Any CPU.ActiveCfg = Debug|Any CPU
		{66D6B6C8-58DE-489A-8A0D-66341FC502E2}.Debug|Any CPU.Build.0 = Debug|Any CPU
		{66D6B6C8-58DE-489A-8A0D-66341FC502E2}.Release|Any CPU.ActiveCfg = Release|Any CPU
		{66D6B6C8-58DE-489A-8A0D-66341FC502E2}.Release|Any CPU.Build.0 = Release|Any CPU
		{2EC85483-0C7F-4D91-ABD3-B930E40476B9}.Debug|Any CPU.ActiveCfg = Debug|Any CPU
		{2EC85483-0C7F-4D91-ABD3-B930E40476B9}.Debug|Any CPU.Build.0 = Debug|Any CPU
		{2EC85483-0C7F-4D91-ABD3-B930E40476B9}.Release|Any CPU.ActiveCfg = Release|Any CPU
		{2EC85483-0C7F-4D91-ABD3-B930E40476B9}.Release|Any CPU.Build.0 = Release|Any CPU
		{FE378962-F0BF-43EA-B769-9E9E8B4EDD28}.Debug|Any CPU.ActiveCfg = Debug|Any CPU
		{FE378962-F0BF-43EA-B769-9E9E8B4EDD28}.Debug|Any CPU.Build.0 = Debug|Any CPU
		{FE378962-F0BF-43EA-B769-9E9E8B4EDD28}.Release|Any CPU.ActiveCfg = Release|Any CPU
		{FE378962-F0BF-43EA-B769-9E9E8B4EDD28}.Release|Any CPU.Build.0 = Release|Any CPU
		{536FD0F2-1DB9-4726-92C2-87AD224B3A94}.Debug|Any CPU.ActiveCfg = Debug|Any CPU
		{536FD0F2-1DB9-4726-92C2-87AD224B3A94}.Debug|Any CPU.Build.0 = Debug|Any CPU
		{536FD0F2-1DB9-4726-92C2-87AD224B3A94}.Release|Any CPU.ActiveCfg = Release|Any CPU
		{536FD0F2-1DB9-4726-92C2-87AD224B3A94}.Release|Any CPU.Build.0 = Release|Any CPU
		{A9A21445-7704-4A5F-B3C6-A9BBD4E6ED0C}.Debug|Any CPU.ActiveCfg = Debug|Any CPU
		{A9A21445-7704-4A5F-B3C6-A9BBD4E6ED0C}.Debug|Any CPU.Build.0 = Debug|Any CPU
		{A9A21445-7704-4A5F-B3C6-A9BBD4E6ED0C}.Release|Any CPU.ActiveCfg = Release|Any CPU
		{A9A21445-7704-4A5F-B3C6-A9BBD4E6ED0C}.Release|Any CPU.Build.0 = Release|Any CPU
		{B58E4DBC-BDD8-46AE-ADA8-EE482AADF5A2}.Debug|Any CPU.ActiveCfg = Debug|Any CPU
		{B58E4DBC-BDD8-46AE-ADA8-EE482AADF5A2}.Debug|Any CPU.Build.0 = Debug|Any CPU
		{B58E4DBC-BDD8-46AE-ADA8-EE482AADF5A2}.Release|Any CPU.ActiveCfg = Release|Any CPU
		{B58E4DBC-BDD8-46AE-ADA8-EE482AADF5A2}.Release|Any CPU.Build.0 = Release|Any CPU
		{D1E82BB2-52D8-495B-9FE5-83D437B5E1F9}.Debug|Any CPU.ActiveCfg = Debug|Any CPU
		{D1E82BB2-52D8-495B-9FE5-83D437B5E1F9}.Debug|Any CPU.Build.0 = Debug|Any CPU
		{D1E82BB2-52D8-495B-9FE5-83D437B5E1F9}.Release|Any CPU.ActiveCfg = Release|Any CPU
		{D1E82BB2-52D8-495B-9FE5-83D437B5E1F9}.Release|Any CPU.Build.0 = Release|Any CPU
		{016CE04F-432C-41E1-8DFD-A9AA7AFFEF54}.Debug|Any CPU.ActiveCfg = Debug|Any CPU
		{016CE04F-432C-41E1-8DFD-A9AA7AFFEF54}.Debug|Any CPU.Build.0 = Debug|Any CPU
		{016CE04F-432C-41E1-8DFD-A9AA7AFFEF54}.Release|Any CPU.ActiveCfg = Release|Any CPU
		{016CE04F-432C-41E1-8DFD-A9AA7AFFEF54}.Release|Any CPU.Build.0 = Release|Any CPU
		{B9C21D6D-FD9C-4667-BCC0-C435F03F866D}.Debug|Any CPU.ActiveCfg = Debug|Any CPU
		{B9C21D6D-FD9C-4667-BCC0-C435F03F866D}.Debug|Any CPU.Build.0 = Debug|Any CPU
		{B9C21D6D-FD9C-4667-BCC0-C435F03F866D}.Release|Any CPU.ActiveCfg = Release|Any CPU
		{B9C21D6D-FD9C-4667-BCC0-C435F03F866D}.Release|Any CPU.Build.0 = Release|Any CPU
		{82D000D9-6EB1-4083-909C-5C9B13519D71}.Debug|Any CPU.ActiveCfg = Debug|Any CPU
		{82D000D9-6EB1-4083-909C-5C9B13519D71}.Debug|Any CPU.Build.0 = Debug|Any CPU
		{82D000D9-6EB1-4083-909C-5C9B13519D71}.Release|Any CPU.ActiveCfg = Release|Any CPU
		{82D000D9-6EB1-4083-909C-5C9B13519D71}.Release|Any CPU.Build.0 = Release|Any CPU
		{2112519F-2742-4986-A83D-C6FD409CDDA2}.Debug|Any CPU.ActiveCfg = Debug|Any CPU
		{2112519F-2742-4986-A83D-C6FD409CDDA2}.Debug|Any CPU.Build.0 = Debug|Any CPU
		{2112519F-2742-4986-A83D-C6FD409CDDA2}.Release|Any CPU.ActiveCfg = Release|Any CPU
		{2112519F-2742-4986-A83D-C6FD409CDDA2}.Release|Any CPU.Build.0 = Release|Any CPU
	EndGlobalSection
	GlobalSection(SolutionProperties) = preSolution
		HideSolutionNode = FALSE
	EndGlobalSection
	GlobalSection(NestedProjects) = preSolution
		{C7732F47-ED16-4265-A6E2-5E4CDFCF8223} = {E94061EA-01E0-47AD-A3F1-ECA8B6FF3B33}
		{8A0A15BE-A3B3-443D-8D33-1A36847BD25A} = {E94061EA-01E0-47AD-A3F1-ECA8B6FF3B33}
		{FE378962-F0BF-43EA-B769-9E9E8B4EDD28} = {ABD2AC4C-B72D-46E1-83EF-591C9FDE12D9}
		{B58E4DBC-BDD8-46AE-ADA8-EE482AADF5A2} = {ABD2AC4C-B72D-46E1-83EF-591C9FDE12D9}
	EndGlobalSection
	GlobalSection(ExtensibilityGlobals) = postSolution
		SolutionGuid = {94818F70-5197-4556-8FC6-34FAB098E74B}
	EndGlobalSection
EndGlobal
